
Microsoft Visual Studio Solution File, Format Version 12.00
# Visual Studio Version 17
VisualStudioVersion = 17.10.35027.167
MinimumVisualStudioVersion = 10.0.40219.1
Project("{FAE04EC0-301F-11D3-BF4B-00C04F79EFBC}") = "Asp.net-core", "Asp.net-core\Asp.net-core.csproj", "{A5586D95-5F78-431A-B126-5746205B176A}"
EndProject
Global
	GlobalSection(SolutionConfigurationPlatforms) = preSolution
		Debug|Any CPU = Debug|Any CPU
		Release|Any CPU = Release|Any CPU
	EndGlobalSection
	GlobalSection(ProjectConfigurationPlatforms) = postSolution
		{A5586D95-5F78-431A-B126-5746205B176A}.Debug|Any CPU.ActiveCfg = Debug|Any CPU
		{A5586D95-5F78-431A-B126-5746205B176A}.Debug|Any CPU.Build.0 = Debug|Any CPU
		{A5586D95-5F78-431A-B126-5746205B176A}.Release|Any CPU.ActiveCfg = Release|Any CPU
		{A5586D95-5F78-431A-B126-5746205B176A}.Release|Any CPU.Build.0 = Release|Any CPU
	EndGlobalSection
	GlobalSection(SolutionProperties) = preSolution
		HideSolutionNode = FALSE
	EndGlobalSection
	GlobalSection(ExtensibilityGlobals) = postSolution
		SolutionGuid = {AB58F0AD-C8D4-462A-9958-A6CF14286143}
	EndGlobalSection
EndGlobal
